// !$*UTF8*$!
{
	archiveVersion = 1;
	classes = {
	};
	objectVersion = 51;
	objects = {

/* Begin PBXBuildFile section */
		767FCA31F46B3B422FD3351A /* Pods_TwitterClone.framework in Frameworks */ = {isa = PBXBuildFile; fileRef = F0775C1269028EBCE511EEFF /* Pods_TwitterClone.framework */; };
		7914723E251DEF3B00A4A9A3 /* AppDelegate.swift in Sources */ = {isa = PBXBuildFile; fileRef = 7914723D251DEF3B00A4A9A3 /* AppDelegate.swift */; };
		79147240251DEF3B00A4A9A3 /* SceneDelegate.swift in Sources */ = {isa = PBXBuildFile; fileRef = 7914723F251DEF3B00A4A9A3 /* SceneDelegate.swift */; };
		79147242251DEF3B00A4A9A3 /* ContentView.swift in Sources */ = {isa = PBXBuildFile; fileRef = 79147241251DEF3B00A4A9A3 /* ContentView.swift */; };
		79147244251DEF3F00A4A9A3 /* Assets.xcassets in Resources */ = {isa = PBXBuildFile; fileRef = 79147243251DEF3F00A4A9A3 /* Assets.xcassets */; };
		79147247251DEF3F00A4A9A3 /* Preview Assets.xcassets in Resources */ = {isa = PBXBuildFile; fileRef = 79147246251DEF3F00A4A9A3 /* Preview Assets.xcassets */; };
		7914724A251DEF3F00A4A9A3 /* LaunchScreen.storyboard in Resources */ = {isa = PBXBuildFile; fileRef = 79147248251DEF3F00A4A9A3 /* LaunchScreen.storyboard */; };
		79147252251DF0AD00A4A9A3 /* GoogleService-Info.plist in Resources */ = {isa = PBXBuildFile; fileRef = 79147251251DF0AC00A4A9A3 /* GoogleService-Info.plist */; };
		79147254251DFEC900A4A9A3 /* Tweet.swift in Sources */ = {isa = PBXBuildFile; fileRef = 79147253251DFEC900A4A9A3 /* Tweet.swift */; };
		79147258251DFF3C00A4A9A3 /* FirebaseSession.swift in Sources */ = {isa = PBXBuildFile; fileRef = 79147257251DFF3C00A4A9A3 /* FirebaseSession.swift */; };
/* End PBXBuildFile section */

/* Begin PBXFileReference section */
		7914723A251DEF3B00A4A9A3 /* TwitterClone.app */ = {isa = PBXFileReference; explicitFileType = wrapper.application; includeInIndex = 0; path = TwitterClone.app; sourceTree = BUILT_PRODUCTS_DIR; };
		7914723D251DEF3B00A4A9A3 /* AppDelegate.swift */ = {isa = PBXFileReference; lastKnownFileType = sourcecode.swift; path = AppDelegate.swift; sourceTree = "<group>"; };
		7914723F251DEF3B00A4A9A3 /* SceneDelegate.swift */ = {isa = PBXFileReference; lastKnownFileType = sourcecode.swift; path = SceneDelegate.swift; sourceTree = "<group>"; };
		79147241251DEF3B00A4A9A3 /* ContentView.swift */ = {isa = PBXFileReference; lastKnownFileType = sourcecode.swift; path = ContentView.swift; sourceTree = "<group>"; };
		79147243251DEF3F00A4A9A3 /* Assets.xcassets */ = {isa = PBXFileReference; lastKnownFileType = folder.assetcatalog; path = Assets.xcassets; sourceTree = "<group>"; };
		79147246251DEF3F00A4A9A3 /* Preview Assets.xcassets */ = {isa = PBXFileReference; lastKnownFileType = folder.assetcatalog; path = "Preview Assets.xcassets"; sourceTree = "<group>"; };
		79147249251DEF3F00A4A9A3 /* Base */ = {isa = PBXFileReference; lastKnownFileType = file.storyboard; name = Base; path = Base.lproj/LaunchScreen.storyboard; sourceTree = "<group>"; };
		7914724B251DEF3F00A4A9A3 /* Info.plist */ = {isa = PBXFileReference; lastKnownFileType = text.plist.xml; path = Info.plist; sourceTree = "<group>"; };
		79147251251DF0AC00A4A9A3 /* GoogleService-Info.plist */ = {isa = PBXFileReference; fileEncoding = 4; lastKnownFileType = text.plist.xml; name = "GoogleService-Info.plist"; path = "../../../Downloads/GoogleService-Info.plist"; sourceTree = "<group>"; };
		79147253251DFEC900A4A9A3 /* Tweet.swift */ = {isa = PBXFileReference; lastKnownFileType = sourcecode.swift; path = Tweet.swift; sourceTree = "<group>"; };
		79147257251DFF3C00A4A9A3 /* FirebaseSession.swift */ = {isa = PBXFileReference; lastKnownFileType = sourcecode.swift; path = FirebaseSession.swift; sourceTree = "<group>"; };
		E6A3E9A2F4ABDAA1C2C0E3F3 /* Pods-TwitterClone.release.xcconfig */ = {isa = PBXFileReference; includeInIndex = 1; lastKnownFileType = text.xcconfig; name = "Pods-TwitterClone.release.xcconfig"; path = "Target Support Files/Pods-TwitterClone/Pods-TwitterClone.release.xcconfig"; sourceTree = "<group>"; };
		F0775C1269028EBCE511EEFF /* Pods_TwitterClone.framework */ = {isa = PBXFileReference; explicitFileType = wrapper.framework; includeInIndex = 0; path = Pods_TwitterClone.framework; sourceTree = BUILT_PRODUCTS_DIR; };
		F3B21C28D3488ACE92C1B13D /* Pods-TwitterClone.debug.xcconfig */ = {isa = PBXFileReference; includeInIndex = 1; lastKnownFileType = text.xcconfig; name = "Pods-TwitterClone.debug.xcconfig"; path = "Target Support Files/Pods-TwitterClone/Pods-TwitterClone.debug.xcconfig"; sourceTree = "<group>"; };
/* End PBXFileReference section */

/* Begin PBXFrameworksBuildPhase section */
		79147237251DEF3B00A4A9A3 /* Frameworks */ = {
			isa = PBXFrameworksBuildPhase;
			buildActionMask = 2147483647;
			files = (
				767FCA31F46B3B422FD3351A /* Pods_TwitterClone.framework in Frameworks */,
			);
			runOnlyForDeploymentPostprocessing = 0;
		};
/* End PBXFrameworksBuildPhase section */

/* Begin PBXGroup section */
		5259062E82AD6C0F92A740F4 /* Frameworks */ = {
			isa = PBXGroup;
			children = (
				F0775C1269028EBCE511EEFF /* Pods_TwitterClone.framework */,
			);
			name = Frameworks;
			sourceTree = "<group>";
		};
		79147231251DEF3B00A4A9A3 = {
			isa = PBXGroup;
			children = (
				7914723C251DEF3B00A4A9A3 /* TwitterClone */,
				7914723B251DEF3B00A4A9A3 /* Products */,
				93656FFB9D0A0AF4253E3486 /* Pods */,
				5259062E82AD6C0F92A740F4 /* Frameworks */,
			);
			sourceTree = "<group>";
		};
		7914723B251DEF3B00A4A9A3 /* Products */ = {
			isa = PBXGroup;
			children = (
				7914723A251DEF3B00A4A9A3 /* TwitterClone.app */,
			);
			name = Products;
			sourceTree = "<group>";
		};
		7914723C251DEF3B00A4A9A3 /* TwitterClone */ = {
			isa = PBXGroup;
			children = (
				79147256251DFF2B00A4A9A3 /* network */,
				79147255251DFF1E00A4A9A3 /* model */,
				79147251251DF0AC00A4A9A3 /* GoogleService-Info.plist */,
				7914723D251DEF3B00A4A9A3 /* AppDelegate.swift */,
				7914723F251DEF3B00A4A9A3 /* SceneDelegate.swift */,
				79147241251DEF3B00A4A9A3 /* ContentView.swift */,
				79147243251DEF3F00A4A9A3 /* Assets.xcassets */,
				79147248251DEF3F00A4A9A3 /* LaunchScreen.storyboard */,
				7914724B251DEF3F00A4A9A3 /* Info.plist */,
				79147245251DEF3F00A4A9A3 /* Preview Content */,
			);
			path = TwitterClone;
			sourceTree = "<group>";
		};
		79147245251DEF3F00A4A9A3 /* Preview Content */ = {
			isa = PBXGroup;
			children = (
				79147246251DEF3F00A4A9A3 /* Preview Assets.xcassets */,
			);
			path = "Preview Content";
			sourceTree = "<group>";
		};
		79147255251DFF1E00A4A9A3 /* model */ = {
			isa = PBXGroup;
			children = (
				79147253251DFEC900A4A9A3 /* Tweet.swift */,
			);
			path = model;
			sourceTree = "<group>";
		};
		79147256251DFF2B00A4A9A3 /* network */ = {
			isa = PBXGroup;
			children = (
				79147257251DFF3C00A4A9A3 /* FirebaseSession.swift */,
			);
			path = network;
			sourceTree = "<group>";
		};
		93656FFB9D0A0AF4253E3486 /* Pods */ = {
			isa = PBXGroup;
			children = (
				F3B21C28D3488ACE92C1B13D /* Pods-TwitterClone.debug.xcconfig */,
				E6A3E9A2F4ABDAA1C2C0E3F3 /* Pods-TwitterClone.release.xcconfig */,
			);
			path = Pods;
			sourceTree = "<group>";
		};
/* End PBXGroup section */

/* Begin PBXNativeTarget section */
		79147239251DEF3B00A4A9A3 /* TwitterClone */ = {
			isa = PBXNativeTarget;
			buildConfigurationList = 7914724E251DEF3F00A4A9A3 /* Build configuration list for PBXNativeTarget "TwitterClone" */;
			buildPhases = (
				54E274228D43D12BF1EB6706 /* [CP] Check Pods Manifest.lock */,
				79147236251DEF3B00A4A9A3 /* Sources */,
				79147237251DEF3B00A4A9A3 /* Frameworks */,
				79147238251DEF3B00A4A9A3 /* Resources */,
				BD474C74F01003B4927018FB /* [CP] Embed Pods Frameworks */,
			);
			buildRules = (
			);
			dependencies = (
			);
			name = TwitterClone;
			productName = TwitterClone;
			productReference = 7914723A251DEF3B00A4A9A3 /* TwitterClone.app */;
			productType = "com.apple.product-type.application";
		};
/* End PBXNativeTarget section */

/* Begin PBXProject section */
		79147232251DEF3B00A4A9A3 /* Project object */ = {
			isa = PBXProject;
			attributes = {
				LastSwiftUpdateCheck = 1160;
				LastUpgradeCheck = 1200;
				ORGANIZATIONNAME = hannah;
				TargetAttributes = {
					79147239251DEF3B00A4A9A3 = {
						CreatedOnToolsVersion = 11.6;
					};
				};
			};
			buildConfigurationList = 79147235251DEF3B00A4A9A3 /* Build configuration list for PBXProject "TwitterClone" */;
			compatibilityVersion = "Xcode 9.3";
			developmentRegion = en;
			hasScannedForEncodings = 0;
			knownRegions = (
				en,
				Base,
			);
			mainGroup = 79147231251DEF3B00A4A9A3;
			productRefGroup = 7914723B251DEF3B00A4A9A3 /* Products */;
			projectDirPath = "";
			projectRoot = "";
			targets = (
				79147239251DEF3B00A4A9A3 /* TwitterClone */,
			);
		};
/* End PBXProject section */

/* Begin PBXResourcesBuildPhase section */
		79147238251DEF3B00A4A9A3 /* Resources */ = {
			isa = PBXResourcesBuildPhase;
			buildActionMask = 2147483647;
			files = (
				7914724A251DEF3F00A4A9A3 /* LaunchScreen.storyboard in Resources */,
				79147252251DF0AD00A4A9A3 /* GoogleService-Info.plist in Resources */,
				79147247251DEF3F00A4A9A3 /* Preview Assets.xcassets in Resources */,
				79147244251DEF3F00A4A9A3 /* Assets.xcassets in Resources */,
			);
			runOnlyForDeploymentPostprocessing = 0;
		};
/* End PBXResourcesBuildPhase section */

/* Begin PBXShellScriptBuildPhase section */
		54E274228D43D12BF1EB6706 /* [CP] Check Pods Manifest.lock */ = {
			isa = PBXShellScriptBuildPhase;
			buildActionMask = 2147483647;
			files = (
			);
			inputFileListPaths = (
			);
			inputPaths = (
				"${PODS_PODFILE_DIR_PATH}/Podfile.lock",
				"${PODS_ROOT}/Manifest.lock",
			);
			name = "[CP] Check Pods Manifest.lock";
			outputFileListPaths = (
			);
			outputPaths = (
				"$(DERIVED_FILE_DIR)/Pods-TwitterClone-checkManifestLockResult.txt",
			);
			runOnlyForDeploymentPostprocessing = 0;
			shellPath = /bin/sh;
			shellScript = "diff \"${PODS_PODFILE_DIR_PATH}/Podfile.lock\" \"${PODS_ROOT}/Manifest.lock\" > /dev/null\nif [ $? != 0 ] ; then\n    # print error to STDERR\n    echo \"error: The sandbox is not in sync with the Podfile.lock. Run 'pod install' or update your CocoaPods installation.\" >&2\n    exit 1\nfi\n# This output is used by Xcode 'outputs' to avoid re-running this script phase.\necho \"SUCCESS\" > \"${SCRIPT_OUTPUT_FILE_0}\"\n";
			showEnvVarsInLog = 0;
		};
		BD474C74F01003B4927018FB /* [CP] Embed Pods Frameworks */ = {
			isa = PBXShellScriptBuildPhase;
			buildActionMask = 2147483647;
			files = (
			);
			inputFileListPaths = (
				"${PODS_ROOT}/Target Support Files/Pods-TwitterClone/Pods-TwitterClone-frameworks-${CONFIGURATION}-input-files.xcfilelist",
			);
			name = "[CP] Embed Pods Frameworks";
			outputFileListPaths = (
				"${PODS_ROOT}/Target Support Files/Pods-TwitterClone/Pods-TwitterClone-frameworks-${CONFIGURATION}-output-files.xcfilelist",
			);
			runOnlyForDeploymentPostprocessing = 0;
			shellPath = /bin/sh;
			shellScript = "\"${PODS_ROOT}/Target Support Files/Pods-TwitterClone/Pods-TwitterClone-frameworks.sh\"\n";
			showEnvVarsInLog = 0;
		};
/* End PBXShellScriptBuildPhase section */

/* Begin PBXSourcesBuildPhase section */
		79147236251DEF3B00A4A9A3 /* Sources */ = {
			isa = PBXSourcesBuildPhase;
			buildActionMask = 2147483647;
			files = (
				7914723E251DEF3B00A4A9A3 /* AppDelegate.swift in Sources */,
				79147240251DEF3B00A4A9A3 /* SceneDelegate.swift in Sources */,
				79147242251DEF3B00A4A9A3 /* ContentView.swift in Sources */,
				79147254251DFEC900A4A9A3 /* Tweet.swift in Sources */,
				79147258251DFF3C00A4A9A3 /* FirebaseSession.swift in Sources */,
			);
			runOnlyForDeploymentPostprocessing = 0;
		};
/* End PBXSourcesBuildPhase section */

/* Begin PBXVariantGroup section */
		79147248251DEF3F00A4A9A3 /* LaunchScreen.storyboard */ = {
			isa = PBXVariantGroup;
			children = (
				79147249251DEF3F00A4A9A3 /* Base */,
			);
			name = LaunchScreen.storyboard;
			sourceTree = "<group>";
		};
/* End PBXVariantGroup section */

/* Begin XCBuildConfiguration section */
		7914724C251DEF3F00A4A9A3 /* Debug */ = {
			isa = XCBuildConfiguration;
			buildSettings = {
				ALWAYS_SEARCH_USER_PATHS = NO;
				CLANG_ANALYZER_NONNULL = YES;
				CLANG_ANALYZER_NUMBER_OBJECT_CONVERSION = YES_AGGRESSIVE;
				CLANG_CXX_LANGUAGE_STANDARD = "gnu++14";
				CLANG_CXX_LIBRARY = "libc++";
				CLANG_ENABLE_MODULES = YES;
				CLANG_ENABLE_OBJC_ARC = YES;
				CLANG_ENABLE_OBJC_WEAK = YES;
				CLANG_WARN_BLOCK_CAPTURE_AUTORELEASING = YES;
				CLANG_WARN_BOOL_CONVERSION = YES;
				CLANG_WARN_COMMA = YES;
				CLANG_WARN_CONSTANT_CONVERSION = YES;
				CLANG_WARN_DEPRECATED_OBJC_IMPLEMENTATIONS = YES;
				CLANG_WARN_DIRECT_OBJC_ISA_USAGE = YES_ERROR;
				CLANG_WARN_DOCUMENTATION_COMMENTS = YES;
				CLANG_WARN_EMPTY_BODY = YES;
				CLANG_WARN_ENUM_CONVERSION = YES;
				CLANG_WARN_INFINITE_RECURSION = YES;
				CLANG_WARN_INT_CONVERSION = YES;
				CLANG_WARN_NON_LITERAL_NULL_CONVERSION = YES;
				CLANG_WARN_OBJC_IMPLICIT_RETAIN_SELF = YES;
				CLANG_WARN_OBJC_LITERAL_CONVERSION = YES;
				CLANG_WARN_OBJC_ROOT_CLASS = YES_ERROR;
				CLANG_WARN_QUOTED_INCLUDE_IN_FRAMEWORK_HEADER = YES;
				CLANG_WARN_RANGE_LOOP_ANALYSIS = YES;
				CLANG_WARN_STRICT_PROTOTYPES = YES;
				CLANG_WARN_SUSPICIOUS_MOVE = YES;
				CLANG_WARN_UNGUARDED_AVAILABILITY = YES_AGGRESSIVE;
				CLANG_WARN_UNREACHABLE_CODE = YES;
				CLANG_WARN__DUPLICATE_METHOD_MATCH = YES;
				COPY_PHASE_STRIP = NO;
				DEBUG_INFORMATION_FORMAT = dwarf;
				ENABLE_STRICT_OBJC_MSGSEND = YES;
				ENABLE_TESTABILITY = YES;
				GCC_C_LANGUAGE_STANDARD = gnu11;
				GCC_DYNAMIC_NO_PIC = NO;
				GCC_NO_COMMON_BLOCKS = YES;
				GCC_OPTIMIZATION_LEVEL = 0;
				GCC_PREPROCESSOR_DEFINITIONS = (
					"DEBUG=1",
					"$(inherited)",
				);
				GCC_WARN_64_TO_32_BIT_CONVERSION = YES;
				GCC_WARN_ABOUT_RETURN_TYPE = YES_ERROR;
				GCC_WARN_UNDECLARED_SELECTOR = YES;
				GCC_WARN_UNINITIALIZED_AUTOS = YES_AGGRESSIVE;
				GCC_WARN_UNUSED_FUNCTION = YES;
				GCC_WARN_UNUSED_VARIABLE = YES;
				IPHONEOS_DEPLOYMENT_TARGET = 13.6;
				MTL_ENABLE_DEBUG_INFO = INCLUDE_SOURCE;
				MTL_FAST_MATH = YES;
				ONLY_ACTIVE_ARCH = YES;
				SDKROOT = iphoneos;
				SWIFT_ACTIVE_COMPILATION_CONDITIONS = DEBUG;
				SWIFT_OPTIMIZATION_LEVEL = "-Onone";
			};
			name = Debug;
		};
		7914724D251DEF3F00A4A9A3 /* Release */ = {
			isa = XCBuildConfiguration;
			buildSettings = {
				ALWAYS_SEARCH_USER_PATHS = NO;
				CLANG_ANALYZER_NONNULL = YES;
				CLANG_ANALYZER_NUMBER_OBJECT_CONVERSION = YES_AGGRESSIVE;
				CLANG_CXX_LANGUAGE_STANDARD = "gnu++14";
				CLANG_CXX_LIBRARY = "libc++";
				CLANG_ENABLE_MODULES = YES;
				CLANG_ENABLE_OBJC_ARC = YES;
				CLANG_ENABLE_OBJC_WEAK = YES;
				CLANG_WARN_BLOCK_CAPTURE_AUTORELEASING = YES;
				CLANG_WARN_BOOL_CONVERSION = YES;
				CLANG_WARN_COMMA = YES;
				CLANG_WARN_CONSTANT_CONVERSION = YES;
				CLANG_WARN_DEPRECATED_OBJC_IMPLEMENTATIONS = YES;
				CLANG_WARN_DIRECT_OBJC_ISA_USAGE = YES_ERROR;
				CLANG_WARN_DOCUMENTATION_COMMENTS = YES;
				CLANG_WARN_EMPTY_BODY = YES;
				CLANG_WARN_ENUM_CONVERSION = YES;
				CLANG_WARN_INFINITE_RECURSION = YES;
				CLANG_WARN_INT_CONVERSION = YES;
				CLANG_WARN_NON_LITERAL_NULL_CONVERSION = YES;
				CLANG_WARN_OBJC_IMPLICIT_RETAIN_SELF = YES;
				CLANG_WARN_OBJC_LITERAL_CONVERSION = YES;
				CLANG_WARN_OBJC_ROOT_CLASS = YES_ERROR;
				CLANG_WARN_QUOTED_INCLUDE_IN_FRAMEWORK_HEADER = YES;
				CLANG_WARN_RANGE_LOOP_ANALYSIS = YES;
				CLANG_WARN_STRICT_PROTOTYPES = YES;
				CLANG_WARN_SUSPICIOUS_MOVE = YES;
				CLANG_WARN_UNGUARDED_AVAILABILITY = YES_AGGRESSIVE;
				CLANG_WARN_UNREACHABLE_CODE = YES;
				CLANG_WARN__DUPLICATE_METHOD_MATCH = YES;
				COPY_PHASE_STRIP = NO;
				DEBUG_INFORMATION_FORMAT = "dwarf-with-dsym";
				ENABLE_NS_ASSERTIONS = NO;
				ENABLE_STRICT_OBJC_MSGSEND = YES;
				GCC_C_LANGUAGE_STANDARD = gnu11;
				GCC_NO_COMMON_BLOCKS = YES;
				GCC_WARN_64_TO_32_BIT_CONVERSION = YES;
				GCC_WARN_ABOUT_RETURN_TYPE = YES_ERROR;
				GCC_WARN_UNDECLARED_SELECTOR = YES;
				GCC_WARN_UNINITIALIZED_AUTOS = YES_AGGRESSIVE;
				GCC_WARN_UNUSED_FUNCTION = YES;
				GCC_WARN_UNUSED_VARIABLE = YES;
				IPHONEOS_DEPLOYMENT_TARGET = 13.6;
				MTL_ENABLE_DEBUG_INFO = NO;
				MTL_FAST_MATH = YES;
				SDKROOT = iphoneos;
				SWIFT_COMPILATION_MODE = wholemodule;
				SWIFT_OPTIMIZATION_LEVEL = "-O";
				VALIDATE_PRODUCT = YES;
			};
			name = Release;
		};
		7914724F251DEF3F00A4A9A3 /* Debug */ = {
			isa = XCBuildConfiguration;
			baseConfigurationReference = F3B21C28D3488ACE92C1B13D /* Pods-TwitterClone.debug.xcconfig */;
			buildSettings = {
				ASSETCATALOG_COMPILER_APPICON_NAME = AppIcon;
				CODE_SIGN_STYLE = Automatic;
				DEVELOPMENT_ASSET_PATHS = "\"TwitterClone/Preview Content\"";
				DEVELOPMENT_TEAM = RA9SY3QH49;
				ENABLE_PREVIEWS = YES;
				INFOPLIST_FILE = TwitterClone/Info.plist;
				LD_RUNPATH_SEARCH_PATHS = (
					"$(inherited)",
					"@executable_path/Frameworks",
				);
				PRODUCT_BUNDLE_IDENTIFIER = hannah.TwitterClone;
				PRODUCT_NAME = "$(TARGET_NAME)";
				SWIFT_VERSION = 5.0;
				TARGETED_DEVICE_FAMILY = "1,2";
			};
			name = Debug;
		};
		79147250251DEF3F00A4A9A3 /* Release */ = {
			isa = XCBuildConfiguration;
			baseConfigurationReference = E6A3E9A2F4ABDAA1C2C0E3F3 /* Pods-TwitterClone.release.xcconfig */;
			buildSettings = {
				ASSETCATALOG_COMPILER_APPICON_NAME = AppIcon;
				CODE_SIGN_STYLE = Automatic;
				DEVELOPMENT_ASSET_PATHS = "\"TwitterClone/Preview Content\"";
				DEVELOPMENT_TEAM = RA9SY3QH49;
				ENABLE_PREVIEWS = YES;
				INFOPLIST_FILE = TwitterClone/Info.plist;
				LD_RUNPATH_SEARCH_PATHS = (
					"$(inherited)",
					"@executable_path/Frameworks",
				);
				PRODUCT_BUNDLE_IDENTIFIER = hannah.TwitterClone;
				PRODUCT_NAME = "$(TARGET_NAME)";
				SWIFT_VERSION = 5.0;
				TARGETED_DEVICE_FAMILY = "1,2";
			};
			name = Release;
		};
/* End XCBuildConfiguration section */

/* Begin XCConfigurationList section */
		79147235251DEF3B00A4A9A3 /* Build configuration list for PBXProject "TwitterClone" */ = {
			isa = XCConfigurationList;
			buildConfigurations = (
				7914724C251DEF3F00A4A9A3 /* Debug */,
				7914724D251DEF3F00A4A9A3 /* Release */,
			);
			defaultConfigurationIsVisible = 0;
			defaultConfigurationName = Release;
		};
		7914724E251DEF3F00A4A9A3 /* Build configuration list for PBXNativeTarget "TwitterClone" */ = {
			isa = XCConfigurationList;
			buildConfigurations = (
				7914724F251DEF3F00A4A9A3 /* Debug */,
				79147250251DEF3F00A4A9A3 /* Release */,
			);
			defaultConfigurationIsVisible = 0;
			defaultConfigurationName = Release;
		};
/* End XCConfigurationList section */
	};
	rootObject = 79147232251DEF3B00A4A9A3 /* Project object */;
}
